version = 1
revision = 1
requires-python = ">=3.12"

[[package]]
name = "fastcrc"
version = "0.3.2"
source = { registry = "https://pypi.org/simple" }
sdist = { url = "https://files.pythonhosted.org/packages/f4/fa/32bac317708588b845800ea12b026003ea6239035b21d464f48152ca512a/fastcrc-0.3.2.tar.gz", hash = "sha256:22362bb54e1bafc4f3e35544e40162481b2822c48ede1f5c2784820afad2c561", size = 11913 }
wheels = [
    { url = "https://files.pythonhosted.org/packages/46/ed/85afd1d761a1d1f51f479bd1283dc609a9ccb0f7ee94a1011be75fd9ff9a/fastcrc-0.3.2-cp312-cp312-macosx_10_12_x86_64.whl", hash = "sha256:5333403aaa300a6dd9a09be57108fe097bf3999c1beefee290268fe29b969770", size = 244442 },
    { url = "https://files.pythonhosted.org/packages/a9/4e/c313c85393b190716fac97fce81bbab1703d7a43a7f424166c6d08b1f9d8/fastcrc-0.3.2-cp312-cp312-macosx_11_0_arm64.whl", hash = "sha256:9e440928e38295e34cc3d10c0dd60c636f29f87b3f75eb712c655f24b234783e", size = 240352 },
    { url = "https://files.pythonhosted.org/packages/2e/02/660d0748d4c0448ab2bf03cc215f08b07671e40d6a5a4cc64baeb6035f64/fastcrc-0.3.2-cp312-cp312-manylinux_2_17_aarch64.manylinux2014_aarch64.whl", hash = "sha256:53b66d2a2caf5fa39d2bdfa814b08a879812cbcf8659b1606c37c6c0063ab4dc", size = 274924 },
    { url = "https://files.pythonhosted.org/packages/08/ee/f445762e7cd4a160c61033f377e3e50c57bb21b194e0f259d2d0e8535080/fastcrc-0.3.2-cp312-cp312-manylinux_2_17_armv7l.manylinux2014_armv7l.whl", hash = "sha256:047ade898642d182f98ab91c2835a261ea347c65fea9b4cbacf9c2831ae0af9e", size = 278872 },
    { url = "https://files.pythonhosted.org/packages/16/6f/dde4ca6c2ef73d2cdfee274d0060b9fa2d06b64312b4f0a77b60fe819418/fastcrc-0.3.2-cp312-cp312-manylinux_2_17_ppc64le.manylinux2014_ppc64le.whl", hash = "sha256:ea795a0d5561bdfe45648d7f0a5423c2a4aca9fa7bf11545185551ef6df2174d", size = 311261 },
    { url = "https://files.pythonhosted.org/packages/7b/e6/8b01964eb32e222b74bf6bcd0886f9859fb4a6c38e870dbd689e03e9a724/fastcrc-0.3.2-cp312-cp312-manylinux_2_17_s390x.manylinux2014_s390x.whl", hash = "sha256:22a4983946593f76a573992ba92a207ddd9792b4797575ee1ae9757ddeda40f1", size = 313682 },
    { url = "https://files.pythonhosted.org/packages/a1/d6/3e4112ae478d71a1473110cfcf050bf52d6f898614ed2afc6f3761769f5c/fastcrc-0.3.2-cp312-cp312-manylinux_2_17_x86_64.manylinux2014_x86_64.whl", hash = "sha256:3b0253a6408ffec884876bbfd7a0e602da1cba7f31ef63efcac3fb4600ec1f93", size = 275161 },
    { url = "https://files.pythonhosted.org/packages/b3/b2/674ecfc73cf1eb379b3bde4241d618aeacd5be4e3efd5bcd0b4c9be3ab0e/fastcrc-0.3.2-cp312-cp312-manylinux_2_5_i686.manylinux1_i686.whl", hash = "sha256:854bbc2633a94ac5673a65d2793dc952d4b795357927997fa9cf6b941f7f52ac", size = 284930 },
    { url = "https://files.pythonhosted.org/packages/51/5f/03e21e81533de7917255acca3474c8fb1951156c6fbf686bd0ba91d1714d/fastcrc-0.3.2-cp312-none-win32.whl", hash = "sha256:f47c3b4642683e653a4bb2dfb97049af60af57869298bd45b0a229be2816946f", size = 137888 },
    { url = "https://files.pythonhosted.org/packages/52/2a/9cac27345e97e7ab3963cc4bba4ba773be54d41d751df8e06e2118008a31/fastcrc-0.3.2-cp312-none-win_amd64.whl", hash = "sha256:858fd01ab7996cdc1801f4845273e25e81d66a1d64a6aa79f8acb0a77a5ffc68", size = 144676 },
    { url = "https://files.pythonhosted.org/packages/7d/fe/efb4de2241809454ac9ea577e89797b99478f606554edfb34081201b039a/fastcrc-0.3.2-cp313-cp313-macosx_10_12_x86_64.whl", hash = "sha256:b848835c2521ad5a96413ce310243c325a911aad92860aa427afb19f28493657", size = 244312 },
    { url = "https://files.pythonhosted.org/packages/ce/61/5389387ac50e3c3fc2b2506bd2ce624546652cef800c3d5474c61f5713da/fastcrc-0.3.2-cp313-cp313-macosx_11_0_arm64.whl", hash = "sha256:e2d723fdf5df4444ed8ab1d3b8478d71162397243bbd26bd82f1e844a5ae4b88", size = 240154 },
    { url = "https://files.pythonhosted.org/packages/4a/d3/109da183bfe5d668be7dfee370d93d8ec45240cee22d326d28cf99907f44/fastcrc-0.3.2-cp313-cp313-manylinux_2_17_aarch64.manylinux2014_aarch64.whl", hash = "sha256:4ec03598c258ab5267ed1303988d5d34f8c8d02839409bf0be04deb91f51a7d1", size = 274644 },
    { url = "https://files.pythonhosted.org/packages/00/78/f1e61abc2b621253d1fc6795261d51d9774e0e57c6d9ccbbbd2521f9ba68/fastcrc-0.3.2-cp313-cp313-manylinux_2_17_armv7l.manylinux2014_armv7l.whl", hash = "sha256:d923e9ea11ee35d129dc742ef76b5ab86e489cf6b7f404e02e413c4b98e4c838", size = 278864 },
    { url = "https://files.pythonhosted.org/packages/27/c8/7783d0e6e8356a097524cbb05d0cb2d556f70219dc46b8fd4c8fe22e0a8b/fastcrc-0.3.2-cp313-cp313-manylinux_2_17_ppc64le.manylinux2014_ppc64le.whl", hash = "sha256:f0c8c968237d580886e796da52c7d026e318652e60e0106d9557e2a25265c030", size = 312245 },
    { url = "https://files.pythonhosted.org/packages/cf/db/82a55d8e6a83373c647dda5e65437a15b2de9e4efe507b093da2c6870b5f/fastcrc-0.3.2-cp313-cp313-manylinux_2_17_s390x.manylinux2014_s390x.whl", hash = "sha256:4dd95f209a575edae4f223c55b508b43c18d1e4ffdb0262fcd6bc55be355a96a", size = 313637 },
    { url = "https://files.pythonhosted.org/packages/12/e5/7ff34ede27114f61c508a4390feecf4d2cf23f2b63317e0b71d21d20419b/fastcrc-0.3.2-cp313-cp313-manylinux_2_17_x86_64.manylinux2014_x86_64.whl", hash = "sha256:9465678d0fe17e4ccd63b13aadefc550521f7bd1ba7b176b5b7e118952f0097f", size = 274911 },
    { url = "https://files.pythonhosted.org/packages/bf/aa/6a2c0cda69fe766fa82e19f76ec56b1de3fe69fe530b88100e7e13993298/fastcrc-0.3.2-cp313-cp313-manylinux_2_5_i686.manylinux1_i686.whl", hash = "sha256:bf3aca3a8d4c369bebaf601831b25917a0808dc7cf0d3060955c97d2a72951ae", size = 284885 },
    { url = "https://files.pythonhosted.org/packages/ea/99/e4daf07394ff1f0b73a2f620199665990d0a7e776356e0367c51294dc312/fastcrc-0.3.2-cp313-none-win32.whl", hash = "sha256:86f3c9e5844e5ffbbec1c17f059198a9b3f36ec3061f1128076ae2eb625101a3", size = 137898 },
    { url = "https://files.pythonhosted.org/packages/58/a9/0d5518d525f2466551a836d918402aa1a26ec58057fe9cd4f225186ac2fa/fastcrc-0.3.2-cp313-none-win_amd64.whl", hash = "sha256:a5b68367c9a837773ad1dc98ae66adb4d097a58430665a21bff548982db8f3b9", size = 144629 },
]

[[package]]
name = "lxml"
version = "6.0.0"
source = { registry = "https://pypi.org/simple" }
sdist = { url = "https://files.pythonhosted.org/packages/c5/ed/60eb6fa2923602fba988d9ca7c5cdbd7cf25faa795162ed538b527a35411/lxml-6.0.0.tar.gz", hash = "sha256:032e65120339d44cdc3efc326c9f660f5f7205f3a535c1fdbf898b29ea01fb72", size = 4096938 }
wheels = [
    { url = "https://files.pythonhosted.org/packages/89/c3/d01d735c298d7e0ddcedf6f028bf556577e5ab4f4da45175ecd909c79378/lxml-6.0.0-cp312-cp312-macosx_10_13_universal2.whl", hash = "sha256:78718d8454a6e928470d511bf8ac93f469283a45c354995f7d19e77292f26108", size = 8429515 },
    { url = "https://files.pythonhosted.org/packages/06/37/0e3eae3043d366b73da55a86274a590bae76dc45aa004b7042e6f97803b1/lxml-6.0.0-cp312-cp312-macosx_10_13_x86_64.whl", hash = "sha256:84ef591495ffd3f9dcabffd6391db7bb70d7230b5c35ef5148354a134f56f2be", size = 4601387 },
    { url = "https://files.pythonhosted.org/packages/a3/28/e1a9a881e6d6e29dda13d633885d13acb0058f65e95da67841c8dd02b4a8/lxml-6.0.0-cp312-cp312-manylinux2010_i686.manylinux2014_i686.manylinux_2_12_i686.manylinux_2_17_i686.whl", hash = "sha256:2930aa001a3776c3e2601cb8e0a15d21b8270528d89cc308be4843ade546b9ab", size = 5228928 },
    { url = "https://files.pythonhosted.org/packages/9a/55/2cb24ea48aa30c99f805921c1c7860c1f45c0e811e44ee4e6a155668de06/lxml-6.0.0-cp312-cp312-manylinux2014_aarch64.manylinux_2_17_aarch64.whl", hash = "sha256:219e0431ea8006e15005767f0351e3f7f9143e793e58519dc97fe9e07fae5563", size = 4952289 },
    { url = "https://files.pythonhosted.org/packages/31/c0/b25d9528df296b9a3306ba21ff982fc5b698c45ab78b94d18c2d6ae71fd9/lxml-6.0.0-cp312-cp312-manylinux2014_x86_64.manylinux_2_17_x86_64.whl", hash = "sha256:bd5913b4972681ffc9718bc2d4c53cde39ef81415e1671ff93e9aa30b46595e7", size = 5111310 },
    { url = "https://files.pythonhosted.org/packages/e9/af/681a8b3e4f668bea6e6514cbcb297beb6de2b641e70f09d3d78655f4f44c/lxml-6.0.0-cp312-cp312-manylinux_2_27_aarch64.manylinux_2_28_aarch64.whl", hash = "sha256:390240baeb9f415a82eefc2e13285016f9c8b5ad71ec80574ae8fa9605093cd7", size = 5025457 },
    { url = "https://files.pythonhosted.org/packages/99/b6/3a7971aa05b7be7dfebc7ab57262ec527775c2c3c5b2f43675cac0458cad/lxml-6.0.0-cp312-cp312-manylinux_2_27_ppc64le.manylinux_2_28_ppc64le.whl", hash = "sha256:d6e200909a119626744dd81bae409fc44134389e03fbf1d68ed2a55a2fb10991", size = 5657016 },
    { url = "https://files.pythonhosted.org/packages/69/f8/693b1a10a891197143c0673fcce5b75fc69132afa81a36e4568c12c8faba/lxml-6.0.0-cp312-cp312-manylinux_2_27_x86_64.manylinux_2_28_x86_64.whl", hash = "sha256:ca50bd612438258a91b5b3788c6621c1f05c8c478e7951899f492be42defc0da", size = 5257565 },
    { url = "https://files.pythonhosted.org/packages/a8/96/e08ff98f2c6426c98c8964513c5dab8d6eb81dadcd0af6f0c538ada78d33/lxml-6.0.0-cp312-cp312-manylinux_2_31_armv7l.whl", hash = "sha256:c24b8efd9c0f62bad0439283c2c795ef916c5a6b75f03c17799775c7ae3c0c9e", size = 4713390 },
    { url = "https://files.pythonhosted.org/packages/a8/83/6184aba6cc94d7413959f6f8f54807dc318fdcd4985c347fe3ea6937f772/lxml-6.0.0-cp312-cp312-musllinux_1_2_aarch64.whl", hash = "sha256:afd27d8629ae94c5d863e32ab0e1d5590371d296b87dae0a751fb22bf3685741", size = 5066103 },
    { url = "https://files.pythonhosted.org/packages/ee/01/8bf1f4035852d0ff2e36a4d9aacdbcc57e93a6cd35a54e05fa984cdf73ab/lxml-6.0.0-cp312-cp312-musllinux_1_2_armv7l.whl", hash = "sha256:54c4855eabd9fc29707d30141be99e5cd1102e7d2258d2892314cf4c110726c3", size = 4791428 },
    { url = "https://files.pythonhosted.org/packages/29/31/c0267d03b16954a85ed6b065116b621d37f559553d9339c7dcc4943a76f1/lxml-6.0.0-cp312-cp312-musllinux_1_2_ppc64le.whl", hash = "sha256:c907516d49f77f6cd8ead1322198bdfd902003c3c330c77a1c5f3cc32a0e4d16", size = 5678523 },
    { url = "https://files.pythonhosted.org/packages/5c/f7/5495829a864bc5f8b0798d2b52a807c89966523140f3d6fa3a58ab6720ea/lxml-6.0.0-cp312-cp312-musllinux_1_2_x86_64.whl", hash = "sha256:36531f81c8214e293097cd2b7873f178997dae33d3667caaae8bdfb9666b76c0", size = 5281290 },
    { url = "https://files.pythonhosted.org/packages/79/56/6b8edb79d9ed294ccc4e881f4db1023af56ba451909b9ce79f2a2cd7c532/lxml-6.0.0-cp312-cp312-win32.whl", hash = "sha256:690b20e3388a7ec98e899fd54c924e50ba6693874aa65ef9cb53de7f7de9d64a", size = 3613495 },
    { url = "https://files.pythonhosted.org/packages/0b/1e/cc32034b40ad6af80b6fd9b66301fc0f180f300002e5c3eb5a6110a93317/lxml-6.0.0-cp312-cp312-win_amd64.whl", hash = "sha256:310b719b695b3dd442cdfbbe64936b2f2e231bb91d998e99e6f0daf991a3eba3", size = 4014711 },
    { url = "https://files.pythonhosted.org/packages/55/10/dc8e5290ae4c94bdc1a4c55865be7e1f31dfd857a88b21cbba68b5fea61b/lxml-6.0.0-cp312-cp312-win_arm64.whl", hash = "sha256:8cb26f51c82d77483cdcd2b4a53cda55bbee29b3c2f3ddeb47182a2a9064e4eb", size = 3674431 },
    { url = "https://files.pythonhosted.org/packages/79/21/6e7c060822a3c954ff085e5e1b94b4a25757c06529eac91e550f3f5cd8b8/lxml-6.0.0-cp313-cp313-macosx_10_13_universal2.whl", hash = "sha256:6da7cd4f405fd7db56e51e96bff0865b9853ae70df0e6720624049da76bde2da", size = 8414372 },
    { url = "https://files.pythonhosted.org/packages/a4/f6/051b1607a459db670fc3a244fa4f06f101a8adf86cda263d1a56b3a4f9d5/lxml-6.0.0-cp313-cp313-macosx_10_13_x86_64.whl", hash = "sha256:b34339898bb556a2351a1830f88f751679f343eabf9cf05841c95b165152c9e7", size = 4593940 },
    { url = "https://files.pythonhosted.org/packages/8e/74/dd595d92a40bda3c687d70d4487b2c7eff93fd63b568acd64fedd2ba00fe/lxml-6.0.0-cp313-cp313-manylinux2010_i686.manylinux2014_i686.manylinux_2_12_i686.manylinux_2_17_i686.whl", hash = "sha256:51a5e4c61a4541bd1cd3ba74766d0c9b6c12d6a1a4964ef60026832aac8e79b3", size = 5214329 },
    { url = "https://files.pythonhosted.org/packages/52/46/3572761efc1bd45fcafb44a63b3b0feeb5b3f0066886821e94b0254f9253/lxml-6.0.0-cp313-cp313-manylinux2014_aarch64.manylinux_2_17_aarch64.whl", hash = "sha256:d18a25b19ca7307045581b18b3ec9ead2b1db5ccd8719c291f0cd0a5cec6cb81", size = 4947559 },
    { url = "https://files.pythonhosted.org/packages/94/8a/5e40de920e67c4f2eef9151097deb9b52d86c95762d8ee238134aff2125d/lxml-6.0.0-cp313-cp313-manylinux2014_x86_64.manylinux_2_17_x86_64.whl", hash = "sha256:d4f0c66df4386b75d2ab1e20a489f30dc7fd9a06a896d64980541506086be1f1", size = 5102143 },
    { url = "https://files.pythonhosted.org/packages/7c/4b/20555bdd75d57945bdabfbc45fdb1a36a1a0ff9eae4653e951b2b79c9209/lxml-6.0.0-cp313-cp313-manylinux_2_27_aarch64.manylinux_2_28_aarch64.whl", hash = "sha256:9f4b481b6cc3a897adb4279216695150bbe7a44c03daba3c894f49d2037e0a24", size = 5021931 },
    { url = "https://files.pythonhosted.org/packages/b6/6e/cf03b412f3763d4ca23b25e70c96a74cfece64cec3addf1c4ec639586b13/lxml-6.0.0-cp313-cp313-manylinux_2_27_ppc64le.manylinux_2_28_ppc64le.whl", hash = "sha256:8a78d6c9168f5bcb20971bf3329c2b83078611fbe1f807baadc64afc70523b3a", size = 5645469 },
    { url = "https://files.pythonhosted.org/packages/d4/dd/39c8507c16db6031f8c1ddf70ed95dbb0a6d466a40002a3522c128aba472/lxml-6.0.0-cp313-cp313-manylinux_2_27_x86_64.manylinux_2_28_x86_64.whl", hash = "sha256:2ae06fbab4f1bb7db4f7c8ca9897dc8db4447d1a2b9bee78474ad403437bcc29", size = 5247467 },
    { url = "https://files.pythonhosted.org/packages/4d/56/732d49def0631ad633844cfb2664563c830173a98d5efd9b172e89a4800d/lxml-6.0.0-cp313-cp313-manylinux_2_31_armv7l.whl", hash = "sha256:1fa377b827ca2023244a06554c6e7dc6828a10aaf74ca41965c5d8a4925aebb4", size = 4720601 },
    { url = "https://files.pythonhosted.org/packages/8f/7f/6b956fab95fa73462bca25d1ea7fc8274ddf68fb8e60b78d56c03b65278e/lxml-6.0.0-cp313-cp313-musllinux_1_2_aarch64.whl", hash = "sha256:1676b56d48048a62ef77a250428d1f31f610763636e0784ba67a9740823988ca", size = 5060227 },
    { url = "https://files.pythonhosted.org/packages/97/06/e851ac2924447e8b15a294855caf3d543424364a143c001014d22c8ca94c/lxml-6.0.0-cp313-cp313-musllinux_1_2_armv7l.whl", hash = "sha256:0e32698462aacc5c1cf6bdfebc9c781821b7e74c79f13e5ffc8bfe27c42b1abf", size = 4790637 },
    { url = "https://files.pythonhosted.org/packages/06/d4/fd216f3cd6625022c25b336c7570d11f4a43adbaf0a56106d3d496f727a7/lxml-6.0.0-cp313-cp313-musllinux_1_2_ppc64le.whl", hash = "sha256:4d6036c3a296707357efb375cfc24bb64cd955b9ec731abf11ebb1e40063949f", size = 5662049 },
    { url = "https://files.pythonhosted.org/packages/52/03/0e764ce00b95e008d76b99d432f1807f3574fb2945b496a17807a1645dbd/lxml-6.0.0-cp313-cp313-musllinux_1_2_x86_64.whl", hash = "sha256:7488a43033c958637b1a08cddc9188eb06d3ad36582cebc7d4815980b47e27ef", size = 5272430 },
    { url = "https://files.pythonhosted.org/packages/5f/01/d48cc141bc47bc1644d20fe97bbd5e8afb30415ec94f146f2f76d0d9d098/lxml-6.0.0-cp313-cp313-win32.whl", hash = "sha256:5fcd7d3b1d8ecb91445bd71b9c88bdbeae528fefee4f379895becfc72298d181", size = 3612896 },
    { url = "https://files.pythonhosted.org/packages/f4/87/6456b9541d186ee7d4cb53bf1b9a0d7f3b1068532676940fdd594ac90865/lxml-6.0.0-cp313-cp313-win_amd64.whl", hash = "sha256:2f34687222b78fff795feeb799a7d44eca2477c3d9d3a46ce17d51a4f383e32e", size = 4013132 },
    { url = "https://files.pythonhosted.org/packages/b7/42/85b3aa8f06ca0d24962f8100f001828e1f1f1a38c954c16e71154ed7d53a/lxml-6.0.0-cp313-cp313-win_arm64.whl", hash = "sha256:21db1ec5525780fd07251636eb5f7acb84003e9382c72c18c542a87c416ade03", size = 3672642 },
]

[[package]]
name = "pymavlink"
version = "2.4.49"
source = { registry = "https://pypi.org/simple" }
dependencies = [
    { name = "fastcrc" },
    { name = "lxml" },
]
sdist = { url = "https://files.pythonhosted.org/packages/21/a2/0a4ce323178f60f869e42a2ed3844bead7b685807674bef966a39661606e/pymavlink-2.4.49.tar.gz", hash = "sha256:d7cf10d5592d038a18aa972711177ebb88be2143efcc258df630b0513e9da2c2", size = 6172115 }
wheels = [
    { url = "https://files.pythonhosted.org/packages/e8/81/062427da96311d359ed799af8569b7b3ffa25c333fb4a961478ce5a4735f/pymavlink-2.4.49-cp312-cp312-macosx_10_13_universal2.whl", hash = "sha256:b7925330a4bb30bcc732971cfeb1aa54515efd28f4588d7abc942967d7a2298b", size = 6291309 },
    { url = "https://files.pythonhosted.org/packages/ca/f2/8bfed758e2efc2d6f28259634d94c09b10e50c62cd5914ac888ce268378d/pymavlink-2.4.49-cp312-cp312-macosx_10_13_x86_64.whl", hash = "sha256:bf4c13703bc6dcbc70083a12aaec71f3a36a6b607290e93f59f2b004ebd02784", size = 6226353 },
    { url = "https://files.pythonhosted.org/packages/e0/27/78419c2ae5489fdd996f6af0c1e4bd6dceaa5a5b155a367851926da7b05f/pymavlink-2.4.49-cp312-cp312-macosx_11_0_arm64.whl", hash = "sha256:8522d652fef8fb03c7ee50abd2686ffe0262cbec06136ae230f3a88cccdff21c", size = 6222943 },
    { url = "https://files.pythonhosted.org/packages/ed/e6/c9ae05436ed219bb9f2b505d7c82474173c8ebcd28ff8f55833213d732a2/pymavlink-2.4.49-cp312-cp312-manylinux1_i686.manylinux_2_28_i686.manylinux_2_5_i686.whl", hash = "sha256:f1b6e29972792a1da3fafde911355631b8a62735297a2f3c5209aa985919917a", size = 6376049 },
    { url = "https://files.pythonhosted.org/packages/36/6f/eb93cc44e2653044eb5bbfa7ce0f808611e42d56106a4d6d5de4db8bb211/pymavlink-2.4.49-cp312-cp312-manylinux2014_aarch64.manylinux_2_17_aarch64.manylinux_2_28_aarch64.whl", hash = "sha256:e8b13b9ac195e9fa8f01cda21638e26af9c5a90e3475ddb43fd2b9e396913f6b", size = 6388174 },
    { url = "https://files.pythonhosted.org/packages/87/44/34099ab9e4e41db4b2ec9f05c3d8e7726ef3d5a2ae8cfb6f90596c4d82fb/pymavlink-2.4.49-cp312-cp312-manylinux2014_x86_64.manylinux_2_17_x86_64.manylinux_2_28_x86_64.whl", hash = "sha256:4a87b508a9e9215afdb809189224731b4b34153f3879226fd94b8f485ac626ab", size = 6390472 },
    { url = "https://files.pythonhosted.org/packages/d0/51/0146c0008feb5d8a7721870489b4c19fd30a1e49433be7a83624dc961f90/pymavlink-2.4.49-cp312-cp312-musllinux_1_2_aarch64.whl", hash = "sha256:31ca1c1e60a21f240abf35258df30e7b5ee954a055bbe7584f0ebabb48dd8c40", size = 6376189 },
    { url = "https://files.pythonhosted.org/packages/c4/51/aa4b51cd9948eca7b63359ad392d8cd69b393bd781830c4a518a98aede33/pymavlink-2.4.49-cp312-cp312-musllinux_1_2_i686.whl", hash = "sha256:f854d1d730f40d4efa52d8901413af1b23d16187e941b76d55f0dcc0208d641d", size = 6378697 },
    { url = "https://files.pythonhosted.org/packages/3e/b6/dec8f9f7e1769894b7b11c8900b0a13cf13fb9cee2c45d7f9f5a785b3f39/pymavlink-2.4.49-cp312-cp312-musllinux_1_2_x86_64.whl", hash = "sha256:16c915365a21b7734c794ba97fa804ae6db52411bf62d21b877a51df2183dfab", size = 6384644 },
    { url = "https://files.pythonhosted.org/packages/ee/2e/3db53612dab0bfa31eca8e9162489f44c9f9e23c183a2b263d707eb5ddc7/pymavlink-2.4.49-cp312-cp312-win32.whl", hash = "sha256:af7e84aec82f00fd574c2a0dbe11fb1a4c3cbf26f294ca0ef3807dcc5670567e", size = 6230813 },
    { url = "https://files.pythonhosted.org/packages/bf/47/fe857933a464b5a07bf72e2a1d2e92a87ad9d96915f48f86c9475333a63d/pymavlink-2.4.49-cp312-cp312-win_amd64.whl", hash = "sha256:246e227ca8535de98a4b93876a14b9ced7bfc82c70458e480725a715aa6b6bf3", size = 6242451 },
    { url = "https://files.pythonhosted.org/packages/25/ca/995d1201925ad49fb6b174a9d488f1d90b77256b1088ebd3d7f192b0f65a/pymavlink-2.4.49-cp312-cp312-win_arm64.whl", hash = "sha256:c7415592166d9cbd4434775828b00c71bebf292c8367744d861e3ccd2dab9f3e", size = 6231742 },
    { url = "https://files.pythonhosted.org/packages/26/10/67756d987b1aefd991664ce0a996ee3bf69ed7aaf8c7319ff6012a4dc8a2/pymavlink-2.4.49-cp313-cp313-macosx_10_13_universal2.whl", hash = "sha256:f7cfaf3cc1abd611c0757d4b7e56eaf5b4cfa54510a3178b26ebbd9d3443b9d7", size = 6290269 },
    { url = "https://files.pythonhosted.org/packages/c2/02/9e63467d65da78fed03981c86e5b7877fcf163a98372ba5ef03015e3798c/pymavlink-2.4.49-cp313-cp313-macosx_10_13_x86_64.whl", hash = "sha256:db9c0d00e79946ecf1ac89847f32712ef546994342f44b3e9a68e59cfbc85bef", size = 6225761 },
    { url = "https://files.pythonhosted.org/packages/3b/7e/46a5512964043ada02914657610c885b083375dd169dea172870f4dd73b0/pymavlink-2.4.49-cp313-cp313-macosx_11_0_arm64.whl", hash = "sha256:37937d5dfd2ddc2a64ea64687380278ac9c49e1644ea125f1e8a5caf4e1f2ebd", size = 6222450 },
    { url = "https://files.pythonhosted.org/packages/db/c6/1b63a8c4d35887edc979805b324240ff4b847e9d912b323d71613e8f1971/pymavlink-2.4.49-cp313-cp313-manylinux1_i686.manylinux_2_28_i686.manylinux_2_5_i686.whl", hash = "sha256:8100f2f1f53b094611531df2cfb25f1c8e8fdee01f095eb8ee18976994663cf6", size = 6368072 },
    { url = "https://files.pythonhosted.org/packages/29/69/94348757424a94c5a3e87f41d4c05a168bc5de2549afdbea1d4424a318dc/pymavlink-2.4.49-cp313-cp313-manylinux2014_aarch64.manylinux_2_17_aarch64.manylinux_2_28_aarch64.whl", hash = "sha256:9d2db4b88f38aa1ba4c0653a8c5938364bfe78a008e8d02627534015142bf774", size = 6379869 },
    { url = "https://files.pythonhosted.org/packages/91/a7/792925eadc046ae580ab444181a06e8d51d38204a81a9274460f90009b88/pymavlink-2.4.49-cp313-cp313-manylinux2014_x86_64.manylinux_2_17_x86_64.manylinux_2_28_x86_64.whl", hash = "sha256:f7fe9286fd5b2db05277d30d1ea6b9b3a9ea010a99aff04d451705cc4be6a7e6", size = 6382786 },
    { url = "https://files.pythonhosted.org/packages/b9/71/d7b1d280dda800ac386fd54dcded6344b518a8266a918729512e46e39f6b/pymavlink-2.4.49-cp313-cp313-musllinux_1_2_aarch64.whl", hash = "sha256:d49309e00d4d434f2e414c166b18ef18496987a13a613864f89a19ca190ef0d0", size = 6368732 },
    { url = "https://files.pythonhosted.org/packages/23/89/b75ef8eea1e31ec07f13fe71883b08cdc2bce0c33418218cebb03e55124a/pymavlink-2.4.49-cp313-cp313-musllinux_1_2_i686.whl", hash = "sha256:7104eef554b01d6c180e1a532dc494c4b1d74e48b0b725328ec39f042982e172", size = 6370950 },
    { url = "https://files.pythonhosted.org/packages/f6/57/3cb77e3f593e27dc63bd74357b3c3b57075af74771c4446275097f0865f2/pymavlink-2.4.49-cp313-cp313-musllinux_1_2_x86_64.whl", hash = "sha256:795e6628f9ecf0b06e3b7b65f8fcf477ec1603971d590cffd4640cff1852da23", size = 6376423 },
    { url = "https://files.pythonhosted.org/packages/41/bb/49b83c6d212751c88a29cebe413c940ee1d0b7991a667710689eb0cd648e/pymavlink-2.4.49-cp313-cp313-win32.whl", hash = "sha256:9f14bbe1ce3d5c0af4994f0f76d1a8d0c2f915d7dcb7645c1ecba42eeff89536", size = 6230635 },
    { url = "https://files.pythonhosted.org/packages/1a/c4/d3e9e414dd7ba0124ef07d33d9492cc01db1b76ae3cec45443ec4d6a7935/pymavlink-2.4.49-cp313-cp313-win_amd64.whl", hash = "sha256:9777a0375ebcda0efda3f4eae6d8d2e5ce6de8e26c2f0ac7be1a016d0d386b82", size = 6242260 },
    { url = "https://files.pythonhosted.org/packages/e5/36/52616b4fdd076177f1ba22e6ef40782b48e14efb47fce2c3bd4f8496ec23/pymavlink-2.4.49-cp313-cp313-win_arm64.whl", hash = "sha256:712ee4240a9489c6dab6158882c7e1f37516c5951db5841cd408ad7b4c6db0d4", size = 6231575 },
]

[[package]]
name = "python"
version = "0.1.0"
source = { virtual = "." }
dependencies = [
    { name = "pymavlink" },
]

[package.metadata]
requires-dist = [{ name = "pymavlink", specifier = ">=2.4.49" }]
